
Microsoft Visual Studio Solution File, Format Version 12.00
# Visual Studio Version 17
VisualStudioVersion = 17.10.35122.118
MinimumVisualStudioVersion = 10.0.40219.1
Project("{9A19103F-16F7-4668-BE54-9A1E7A4F7556}") = "BeyanArc", "BeyanArc.csproj", "{598E142C-39E1-48AC-BDB2-D8F015D2DB61}"
EndProject
Global
	GlobalSection(SolutionConfigurationPlatforms) = preSolution
		Debug_woDrawing|Any CPU = Debug_woDrawing|Any CPU
		Debug|Any CPU = Debug|Any CPU
		Release_woDrawing|Any CPU = Release_woDrawing|Any CPU
		Release|Any CPU = Release|Any CPU
	EndGlobalSection
	GlobalSection(ProjectConfigurationPlatforms) = postSolution
		{598E142C-39E1-48AC-BDB2-D8F015D2DB61}.Debug_woDrawing|Any CPU.ActiveCfg = Debug|Any CPU
		{598E142C-39E1-48AC-BDB2-D8F015D2DB61}.Debug_woDrawing|Any CPU.Build.0 = Debug|Any CPU
		{598E142C-39E1-48AC-BDB2-D8F015D2DB61}.Debug|Any CPU.ActiveCfg = Debug|Any CPU
		{598E142C-39E1-48AC-BDB2-D8F015D2DB61}.Debug|Any CPU.Build.0 = Debug|Any CPU
		{598E142C-39E1-48AC-BDB2-D8F015D2DB61}.Release_woDrawing|Any CPU.ActiveCfg = Release|Any CPU
		{598E142C-39E1-48AC-BDB2-D8F015D2DB61}.Release_woDrawing|Any CPU.Build.0 = Release|Any CPU
		{598E142C-39E1-48AC-BDB2-D8F015D2DB61}.Release|Any CPU.ActiveCfg = Release|Any CPU
		{598E142C-39E1-48AC-BDB2-D8F015D2DB61}.Release|Any CPU.Build.0 = Release|Any CPU
	EndGlobalSection
	GlobalSection(SolutionProperties) = preSolution
		HideSolutionNode = FALSE
	EndGlobalSection
	GlobalSection(ExtensibilityGlobals) = postSolution
		SolutionGuid = {73ACAFD6-62BC-4FC4-9924-7DA0DF4E24BB}
	EndGlobalSection
EndGlobal
